
Microsoft Visual Studio Solution File, Format Version 12.00
# Visual Studio Version 16
VisualStudioVersion = 16.0.29102.190
MinimumVisualStudioVersion = 10.0.40219.1
Project("{FAE04EC0-301F-11D3-BF4B-00C04F79EFBC}") = "Sorteador", "Sorteador\Sorteador.csproj", "{7DBD11C9-B33C-49C2-BB1A-3A2D7916EE61}"
EndProject
Global
	GlobalSection(SolutionConfigurationPlatforms) = preSolution
		Debug|Any CPU = Debug|Any CPU
		Release|Any CPU = Release|Any CPU
	EndGlobalSection
	GlobalSection(ProjectConfigurationPlatforms) = postSolution
		{7DBD11C9-B33C-49C2-BB1A-3A2D7916EE61}.Debug|Any CPU.ActiveCfg = Debug|Any CPU
		{7DBD11C9-B33C-49C2-BB1A-3A2D7916EE61}.Debug|Any CPU.Build.0 = Debug|Any CPU
		{7DBD11C9-B33C-49C2-BB1A-3A2D7916EE61}.Release|Any CPU.ActiveCfg = Release|Any CPU
		{7DBD11C9-B33C-49C2-BB1A-3A2D7916EE61}.Release|Any CPU.Build.0 = Release|Any CPU
	EndGlobalSection
	GlobalSection(SolutionProperties) = preSolution
		HideSolutionNode = FALSE
	EndGlobalSection
	GlobalSection(ExtensibilityGlobals) = postSolution
		SolutionGuid = {2F88C5CA-A977-4639-A9CD-1082B06B4396}
	EndGlobalSection
EndGlobal
